// !$*UTF8*$!
{
	archiveVersion = 1;
	classes = {
	};
	objectVersion = 55;
	objects = {

/* Begin PBXBuildFile section */
		4C01255327E372110026572B /* RemoveFavoriteUseCase.swift in Sources */ = {isa = PBXBuildFile; fileRef = 4C01255227E372110026572B /* RemoveFavoriteUseCase.swift */; };
		4C11049227F4B84400C36B69 /* BaseViewController.swift in Sources */ = {isa = PBXBuildFile; fileRef = 4C11049127F4B84400C36B69 /* BaseViewController.swift */; };
		4C11049427F4BC1200C36B69 /* FetchSelectedTownUseCase.swift in Sources */ = {isa = PBXBuildFile; fileRef = 4C11049327F4BC1200C36B69 /* FetchSelectedTownUseCase.swift */; };
		4C17B2BA27BC305B00B577E7 /* SignUpPresenter.swift in Sources */ = {isa = PBXBuildFile; fileRef = 4C17B2B927BC305B00B577E7 /* SignUpPresenter.swift */; };
		4C17B2BC27BC30AB00B577E7 /* LoginPresenter.swift in Sources */ = {isa = PBXBuildFile; fileRef = 4C17B2BB27BC30AB00B577E7 /* LoginPresenter.swift */; };
		4C17B2BE27BC3F5500B577E7 /* TabBarViewController.swift in Sources */ = {isa = PBXBuildFile; fileRef = 4C17B2BD27BC3F5500B577E7 /* TabBarViewController.swift */; };
		4C17B2C127BC432D00B577E7 /* FavoriteGasStationsViewController.swift in Sources */ = {isa = PBXBuildFile; fileRef = 4C17B2C027BC432D00B577E7 /* FavoriteGasStationsViewController.swift */; };
		4C3543A527CE3E4B0098F408 /* QueryFuelTableViewCell.swift in Sources */ = {isa = PBXBuildFile; fileRef = 4C3543A327CE3E4B0098F408 /* QueryFuelTableViewCell.swift */; };
		4C3543A627CE3E4B0098F408 /* QueryFuelTableViewCell.xib in Resources */ = {isa = PBXBuildFile; fileRef = 4C3543A427CE3E4B0098F408 /* QueryFuelTableViewCell.xib */; };
		4C3543A827CE46D90098F408 /* QueryOptionsTableViewController.swift in Sources */ = {isa = PBXBuildFile; fileRef = 4C3543A727CE46D90098F408 /* QueryOptionsTableViewController.swift */; };
		4C3662FF27BACB19002A9B10 /* ListaEESSPrecio.swift in Sources */ = {isa = PBXBuildFile; fileRef = 4C3662FE27BACB19002A9B10 /* ListaEESSPrecio.swift */; };
		4C36630127BACCD9002A9B10 /* Consulta.swift in Sources */ = {isa = PBXBuildFile; fileRef = 4C36630027BACCD9002A9B10 /* Consulta.swift */; };
		4C38D2DB28132BF10090FE98 /* IsLocationEnabledUseCase.swift in Sources */ = {isa = PBXBuildFile; fileRef = 4C38D2DA28132BF10090FE98 /* IsLocationEnabledUseCase.swift */; };
		4C45348627A1D6C30026E02C /* Montserrat-VariableFont_wght.ttf in Resources */ = {isa = PBXBuildFile; fileRef = 4C45348527A1D6C10026E02C /* Montserrat-VariableFont_wght.ttf */; };
		4C45349627A1E3900026E02C /* LoginViewController.swift in Sources */ = {isa = PBXBuildFile; fileRef = 4C45349527A1E3900026E02C /* LoginViewController.swift */; };
		4C46312827C4F62F00475AE0 /* TownSelectionViewController.swift in Sources */ = {isa = PBXBuildFile; fileRef = 4C46312727C4F62F00475AE0 /* TownSelectionViewController.swift */; };
		4C46312A27C4F7A000475AE0 /* FetchTownsUseCase.swift in Sources */ = {isa = PBXBuildFile; fileRef = 4C46312927C4F7A000475AE0 /* FetchTownsUseCase.swift */; };
		4C46312E27C4F8F800475AE0 /* TownSelectionPresenter.swift in Sources */ = {isa = PBXBuildFile; fileRef = 4C46312D27C4F8F800475AE0 /* TownSelectionPresenter.swift */; };
		4C46313227C4FA4F00475AE0 /* TownSelectionTableViewCell.swift in Sources */ = {isa = PBXBuildFile; fileRef = 4C46313027C4FA4F00475AE0 /* TownSelectionTableViewCell.swift */; };
		4C46313327C4FA4F00475AE0 /* TownSelectionTableViewCell.xib in Resources */ = {isa = PBXBuildFile; fileRef = 4C46313127C4FA4F00475AE0 /* TownSelectionTableViewCell.xib */; };
		4C46313727C50D5200475AE0 /* SearchFuelViewController.swift in Sources */ = {isa = PBXBuildFile; fileRef = 4C46313627C50D5200475AE0 /* SearchFuelViewController.swift */; };
		4C4D596F28B1126C005E1A85 /* LoginButton.swift in Sources */ = {isa = PBXBuildFile; fileRef = 4C4D596E28B1126C005E1A85 /* LoginButton.swift */; };
		4C4D597628B1345E005E1A85 /* InfoPlist.strings in Resources */ = {isa = PBXBuildFile; fileRef = 4C4D597828B1345E005E1A85 /* InfoPlist.strings */; };
		4C4D597B28B134A8005E1A85 /* InfoPlist.strings in Resources */ = {isa = PBXBuildFile; fileRef = 4C4D597D28B134A8005E1A85 /* InfoPlist.strings */; };
		4C579036E2881C44F276B095 /* Pods_MasGas.framework in Frameworks */ = {isa = PBXBuildFile; fileRef = 267F76832B175E1E706A47F1 /* Pods_MasGas.framework */; };
		4C5A7ED027D76C290096FB55 /* GasStationTableViewCell.swift in Sources */ = {isa = PBXBuildFile; fileRef = 4C5A7ECE27D76C290096FB55 /* GasStationTableViewCell.swift */; };
		4C5A7ED127D76C290096FB55 /* GasStationTableViewCell.xib in Resources */ = {isa = PBXBuildFile; fileRef = 4C5A7ECF27D76C290096FB55 /* GasStationTableViewCell.xib */; };
		4C6DFF3827C26989002289B5 /* GoogleService-Info.plist in Resources */ = {isa = PBXBuildFile; fileRef = 4C6DFF3727C26989002289B5 /* GoogleService-Info.plist */; };
		4C767EAB27D6882A0034CEBA /* GasStationLocationViewController.swift in Sources */ = {isa = PBXBuildFile; fileRef = 4C767EAA27D6882A0034CEBA /* GasStationLocationViewController.swift */; };
		4C8313F027D14AC90014E956 /* BusquedaCarburante.swift in Sources */ = {isa = PBXBuildFile; fileRef = 4C8313EF27D14AC90014E956 /* BusquedaCarburante.swift */; };
		4C8313F227D14F5E0014E956 /* LocationLayer.swift in Sources */ = {isa = PBXBuildFile; fileRef = 4C8313F127D14F5E0014E956 /* LocationLayer.swift */; };
		4C8394D427BADB45002C873F /* FuelsViewController.swift in Sources */ = {isa = PBXBuildFile; fileRef = 4C8394D327BADB45002C873F /* FuelsViewController.swift */; };
		4C8394D627BAE0A0002C873F /* Colors.swift in Sources */ = {isa = PBXBuildFile; fileRef = 4C8394D527BAE0A0002C873F /* Colors.swift */; };
		4C8394D827BAE47B002C873F /* String.swift in Sources */ = {isa = PBXBuildFile; fileRef = 4C8394D727BAE47B002C873F /* String.swift */; };
		4C8394DE27BAE8BB002C873F /* Localizable.strings in Resources */ = {isa = PBXBuildFile; fileRef = 4C8394E027BAE8BB002C873F /* Localizable.strings */; };
		4C92ACEA28185FDB0055F94F /* BasePresenter.swift in Sources */ = {isa = PBXBuildFile; fileRef = 4C92ACE928185FDB0055F94F /* BasePresenter.swift */; };
		4C9471DA27A1B1D2001F49F9 /* AppDelegate.swift in Sources */ = {isa = PBXBuildFile; fileRef = 4C9471D927A1B1D2001F49F9 /* AppDelegate.swift */; };
		4C9471DC27A1B1D2001F49F9 /* SceneDelegate.swift in Sources */ = {isa = PBXBuildFile; fileRef = 4C9471DB27A1B1D2001F49F9 /* SceneDelegate.swift */; };
		4C9471E127A1B1D2001F49F9 /* Main.storyboard in Resources */ = {isa = PBXBuildFile; fileRef = 4C9471DF27A1B1D2001F49F9 /* Main.storyboard */; };
		4C9471E327A1B1D2001F49F9 /* Assets.xcassets in Resources */ = {isa = PBXBuildFile; fileRef = 4C9471E227A1B1D2001F49F9 /* Assets.xcassets */; };
		4C9471E627A1B1D2001F49F9 /* LaunchScreen.storyboard in Resources */ = {isa = PBXBuildFile; fileRef = 4C9471E427A1B1D2001F49F9 /* LaunchScreen.storyboard */; };
		4C9471F127A1B1D2001F49F9 /* MasGasTests.swift in Sources */ = {isa = PBXBuildFile; fileRef = 4C9471F027A1B1D2001F49F9 /* MasGasTests.swift */; };
		4C9471FB27A1B1D2001F49F9 /* MasGasUITests.swift in Sources */ = {isa = PBXBuildFile; fileRef = 4C9471FA27A1B1D2001F49F9 /* MasGasUITests.swift */; };
		4C9471FD27A1B1D2001F49F9 /* MasGasUITestsLaunchTests.swift in Sources */ = {isa = PBXBuildFile; fileRef = 4C9471FC27A1B1D2001F49F9 /* MasGasUITestsLaunchTests.swift */; };
		4C96040527BE7ABB002A59CA /* FuelTableViewCell.swift in Sources */ = {isa = PBXBuildFile; fileRef = 4C96040327BE7ABB002A59CA /* FuelTableViewCell.swift */; };
		4C96040627BE7ABB002A59CA /* FuelTableViewCell.xib in Resources */ = {isa = PBXBuildFile; fileRef = 4C96040427BE7ABB002A59CA /* FuelTableViewCell.xib */; };
		4C96040827BE8630002A59CA /* FetchFuelsUseCase.swift in Sources */ = {isa = PBXBuildFile; fileRef = 4C96040727BE8630002A59CA /* FetchFuelsUseCase.swift */; };
		4C96040C27BE8830002A59CA /* LocalDataStore.swift in Sources */ = {isa = PBXBuildFile; fileRef = 4C96040B27BE8830002A59CA /* LocalDataStore.swift */; };
		4C9CE5BF27E10D1500B174CA /* FavoriteGasStationsPresenter.swift in Sources */ = {isa = PBXBuildFile; fileRef = 4C9CE5BE27E10D1500B174CA /* FavoriteGasStationsPresenter.swift */; };
		4C9CE5C127E110CE00B174CA /* GasStationLocationPresenter.swift in Sources */ = {isa = PBXBuildFile; fileRef = 4C9CE5C027E110CD00B174CA /* GasStationLocationPresenter.swift */; };
		4C9DD04227BABF7500B65A25 /* RemoteDataStore.swift in Sources */ = {isa = PBXBuildFile; fileRef = 4C9DD04127BABF7500B65A25 /* RemoteDataStore.swift */; };
		4C9DD04427BAC55D00B65A25 /* Constants.swift in Sources */ = {isa = PBXBuildFile; fileRef = 4C9DD04327BAC55D00B65A25 /* Constants.swift */; };
		4C9E65CC27DFCF4D002DF59F /* SearchFavoriteUseCase.swift in Sources */ = {isa = PBXBuildFile; fileRef = 4C9E65CB27DFCF4D002DF59F /* SearchFavoriteUseCase.swift */; };
		4CA26EA527DF680B002E10C6 /* GetFavoriteGasStationsUseCase.swift in Sources */ = {isa = PBXBuildFile; fileRef = 4CA26EA427DF680B002E10C6 /* GetFavoriteGasStationsUseCase.swift */; };
		4CA26EA727DF6817002E10C6 /* SaveFavoriteGasStationUseCase.swift in Sources */ = {isa = PBXBuildFile; fileRef = 4CA26EA627DF6817002E10C6 /* SaveFavoriteGasStationUseCase.swift */; };
		4CA334C027ECF975004DE029 /* Repository.swift in Sources */ = {isa = PBXBuildFile; fileRef = 4CA334BF27ECF975004DE029 /* Repository.swift */; };
		4CA334C427ECFD9A004DE029 /* EmailLoginUseCase.swift in Sources */ = {isa = PBXBuildFile; fileRef = 4CA334C327ECFD9A004DE029 /* EmailLoginUseCase.swift */; };
		4CA334C627ED01AE004DE029 /* EmailSignUpUseCase.swift in Sources */ = {isa = PBXBuildFile; fileRef = 4CA334C527ED01AE004DE029 /* EmailSignUpUseCase.swift */; };
		4CA334C827ED0523004DE029 /* LogOutUseCase.swift in Sources */ = {isa = PBXBuildFile; fileRef = 4CA334C727ED0523004DE029 /* LogOutUseCase.swift */; };
		4CA334CA27ED0567004DE029 /* GoogleLoginUseCase.swift in Sources */ = {isa = PBXBuildFile; fileRef = 4CA334C927ED0567004DE029 /* GoogleLoginUseCase.swift */; };
		4CA334CC27ED0671004DE029 /* GetLocationUseCase.swift in Sources */ = {isa = PBXBuildFile; fileRef = 4CA334CB27ED0671004DE029 /* GetLocationUseCase.swift */; };
		4CAE5D9727CF65F2001E560A /* SearchFuelUseCase.swift in Sources */ = {isa = PBXBuildFile; fileRef = 4CAE5D9627CF65F2001E560A /* SearchFuelUseCase.swift */; };
		4CAE5D9927CF68E5001E560A /* SearchFuelPresenter.swift in Sources */ = {isa = PBXBuildFile; fileRef = 4CAE5D9827CF68E5001E560A /* SearchFuelPresenter.swift */; };
		4CAF0B3F27D781D40030DC2B /* Gasolinera.swift in Sources */ = {isa = PBXBuildFile; fileRef = 4CAF0B3E27D781D40030DC2B /* Gasolinera.swift */; };
		4CAF247827F0D52300FD3D4B /* CalculateDistanceBetweenLocationsUseCase.swift in Sources */ = {isa = PBXBuildFile; fileRef = 4CAF247727F0D52300FD3D4B /* CalculateDistanceBetweenLocationsUseCase.swift */; };
		4CBD01FA27BABDC500C36FE2 /* Carburante.swift in Sources */ = {isa = PBXBuildFile; fileRef = 4CBD01F927BABDC500C36FE2 /* Carburante.swift */; };
		4CBD01FC27BABE4D00C36FE2 /* Municipio.swift in Sources */ = {isa = PBXBuildFile; fileRef = 4CBD01FB27BABE4D00C36FE2 /* Municipio.swift */; };
		4CC77E6227A309CB007589F4 /* UIViewController.swift in Sources */ = {isa = PBXBuildFile; fileRef = 4CC77E6127A309CB007589F4 /* UIViewController.swift */; };
		4CC77E6827A30ED8007589F4 /* AuthenticationLayer.swift in Sources */ = {isa = PBXBuildFile; fileRef = 4CC77E6727A30ED8007589F4 /* AuthenticationLayer.swift */; };
		4CD2472E27C119B400E086A4 /* FuelsPresenter.swift in Sources */ = {isa = PBXBuildFile; fileRef = 4CD2472D27C119B400E086A4 /* FuelsPresenter.swift */; };
		4CD2473027C1232100E086A4 /* Config.swift in Sources */ = {isa = PBXBuildFile; fileRef = 4CD2472F27C1232100E086A4 /* Config.swift */; };
		4CD9D0C828B15D1C007CBE83 /* OptionsTableViewController.swift in Sources */ = {isa = PBXBuildFile; fileRef = 4CD9D0C728B15D1C007CBE83 /* OptionsTableViewController.swift */; };
		4CD9D0CB28B15D8D007CBE83 /* OptionsTableViewCell.swift in Sources */ = {isa = PBXBuildFile; fileRef = 4CD9D0C928B15D8D007CBE83 /* OptionsTableViewCell.swift */; };
		4CD9D0CC28B15D8D007CBE83 /* OptionsTableViewCell.xib in Resources */ = {isa = PBXBuildFile; fileRef = 4CD9D0CA28B15D8D007CBE83 /* OptionsTableViewCell.xib */; };
		4CD9D0CE28B15F8C007CBE83 /* OptionsModel.swift in Sources */ = {isa = PBXBuildFile; fileRef = 4CD9D0CD28B15F8C007CBE83 /* OptionsModel.swift */; };
		4CD9D0D028B16682007CBE83 /* OptionsPresenter.swift in Sources */ = {isa = PBXBuildFile; fileRef = 4CD9D0CF28B16682007CBE83 /* OptionsPresenter.swift */; };
		4CD9D0D228B170D9007CBE83 /* DeleteAccountUseCase.swift in Sources */ = {isa = PBXBuildFile; fileRef = 4CD9D0D128B170D9007CBE83 /* DeleteAccountUseCase.swift */; };
		4CD9D0D428B17A65007CBE83 /* AboutViewController.swift in Sources */ = {isa = PBXBuildFile; fileRef = 4CD9D0D328B17A65007CBE83 /* AboutViewController.swift */; };
		4CF016CB27A6C28600A0451E /* UITextField.swift in Sources */ = {isa = PBXBuildFile; fileRef = 4CF016CA27A6C28600A0451E /* UITextField.swift */; };
		4CF016CD27A6C4CA00A0451E /* SignUpViewController.swift in Sources */ = {isa = PBXBuildFile; fileRef = 4CF016CC27A6C4CA00A0451E /* SignUpViewController.swift */; };
		E8EAEB7D146EBCE0C58D316C /* Pods_MasGas_MasGasUITests.framework in Frameworks */ = {isa = PBXBuildFile; fileRef = 887AE942E0534BF6818305FE /* Pods_MasGas_MasGasUITests.framework */; };
		FE30C066FDC55D9D6C47E73A /* Pods_MasGasTests.framework in Frameworks */ = {isa = PBXBuildFile; fileRef = 9E7260AC8CB1FBB90AB7F772 /* Pods_MasGasTests.framework */; };
/* End PBXBuildFile section */

/* Begin PBXContainerItemProxy section */
		4C9471ED27A1B1D2001F49F9 /* PBXContainerItemProxy */ = {
			isa = PBXContainerItemProxy;
			containerPortal = 4C9471CE27A1B1D1001F49F9 /* Project object */;
			proxyType = 1;
			remoteGlobalIDString = 4C9471D527A1B1D2001F49F9;
			remoteInfo = MasGas;
		};
		4C9471F727A1B1D2001F49F9 /* PBXContainerItemProxy */ = {
			isa = PBXContainerItemProxy;
			containerPortal = 4C9471CE27A1B1D1001F49F9 /* Project object */;
			proxyType = 1;
			remoteGlobalIDString = 4C9471D527A1B1D2001F49F9;
			remoteInfo = MasGas;
		};
/* End PBXContainerItemProxy section */

/* Begin PBXFileReference section */
		24880C38190229E20ADFA345 /* Pods-MasGasTests.release.xcconfig */ = {isa = PBXFileReference; includeInIndex = 1; lastKnownFileType = text.xcconfig; name = "Pods-MasGasTests.release.xcconfig"; path = "Target Support Files/Pods-MasGasTests/Pods-MasGasTests.release.xcconfig"; sourceTree = "<group>"; };
		267F76832B175E1E706A47F1 /* Pods_MasGas.framework */ = {isa = PBXFileReference; explicitFileType = wrapper.framework; includeInIndex = 0; path = Pods_MasGas.framework; sourceTree = BUILT_PRODUCTS_DIR; };
		27E130D69D8F7E104A72F643 /* Pods-MasGas.debug.xcconfig */ = {isa = PBXFileReference; includeInIndex = 1; lastKnownFileType = text.xcconfig; name = "Pods-MasGas.debug.xcconfig"; path = "Target Support Files/Pods-MasGas/Pods-MasGas.debug.xcconfig"; sourceTree = "<group>"; };
		4C01255227E372110026572B /* RemoveFavoriteUseCase.swift */ = {isa = PBXFileReference; lastKnownFileType = sourcecode.swift; path = RemoveFavoriteUseCase.swift; sourceTree = "<group>"; };
		4C11049127F4B84400C36B69 /* BaseViewController.swift */ = {isa = PBXFileReference; lastKnownFileType = sourcecode.swift; path = BaseViewController.swift; sourceTree = "<group>"; };
		4C11049327F4BC1200C36B69 /* FetchSelectedTownUseCase.swift */ = {isa = PBXFileReference; lastKnownFileType = sourcecode.swift; path = FetchSelectedTownUseCase.swift; sourceTree = "<group>"; };
		4C17B2B927BC305B00B577E7 /* SignUpPresenter.swift */ = {isa = PBXFileReference; lastKnownFileType = sourcecode.swift; path = SignUpPresenter.swift; sourceTree = "<group>"; };
		4C17B2BB27BC30AB00B577E7 /* LoginPresenter.swift */ = {isa = PBXFileReference; lastKnownFileType = sourcecode.swift; path = LoginPresenter.swift; sourceTree = "<group>"; };
		4C17B2BD27BC3F5500B577E7 /* TabBarViewController.swift */ = {isa = PBXFileReference; lastKnownFileType = sourcecode.swift; name = TabBarViewController.swift; path = TabBar/TabBarViewController.swift; sourceTree = "<group>"; };
		4C17B2C027BC432D00B577E7 /* FavoriteGasStationsViewController.swift */ = {isa = PBXFileReference; lastKnownFileType = sourcecode.swift; path = FavoriteGasStationsViewController.swift; sourceTree = "<group>"; };
		4C3543A327CE3E4B0098F408 /* QueryFuelTableViewCell.swift */ = {isa = PBXFileReference; lastKnownFileType = sourcecode.swift; path = QueryFuelTableViewCell.swift; sourceTree = "<group>"; };
		4C3543A427CE3E4B0098F408 /* QueryFuelTableViewCell.xib */ = {isa = PBXFileReference; lastKnownFileType = file.xib; path = QueryFuelTableViewCell.xib; sourceTree = "<group>"; };
		4C3543A727CE46D90098F408 /* QueryOptionsTableViewController.swift */ = {isa = PBXFileReference; lastKnownFileType = sourcecode.swift; path = QueryOptionsTableViewController.swift; sourceTree = "<group>"; };
		4C3662FE27BACB19002A9B10 /* ListaEESSPrecio.swift */ = {isa = PBXFileReference; lastKnownFileType = sourcecode.swift; path = ListaEESSPrecio.swift; sourceTree = "<group>"; };
		4C36630027BACCD9002A9B10 /* Consulta.swift */ = {isa = PBXFileReference; lastKnownFileType = sourcecode.swift; path = Consulta.swift; sourceTree = "<group>"; };
		4C38D2DA28132BF10090FE98 /* IsLocationEnabledUseCase.swift */ = {isa = PBXFileReference; lastKnownFileType = sourcecode.swift; path = IsLocationEnabledUseCase.swift; sourceTree = "<group>"; };
		4C45348527A1D6C10026E02C /* Montserrat-VariableFont_wght.ttf */ = {isa = PBXFileReference; lastKnownFileType = file; path = "Montserrat-VariableFont_wght.ttf"; sourceTree = "<group>"; };
		4C45349527A1E3900026E02C /* LoginViewController.swift */ = {isa = PBXFileReference; lastKnownFileType = sourcecode.swift; path = LoginViewController.swift; sourceTree = "<group>"; };
		4C46312727C4F62F00475AE0 /* TownSelectionViewController.swift */ = {isa = PBXFileReference; lastKnownFileType = sourcecode.swift; path = TownSelectionViewController.swift; sourceTree = "<group>"; };
		4C46312927C4F7A000475AE0 /* FetchTownsUseCase.swift */ = {isa = PBXFileReference; lastKnownFileType = sourcecode.swift; path = FetchTownsUseCase.swift; sourceTree = "<group>"; };
		4C46312D27C4F8F800475AE0 /* TownSelectionPresenter.swift */ = {isa = PBXFileReference; lastKnownFileType = sourcecode.swift; path = TownSelectionPresenter.swift; sourceTree = "<group>"; };
		4C46313027C4FA4F00475AE0 /* TownSelectionTableViewCell.swift */ = {isa = PBXFileReference; lastKnownFileType = sourcecode.swift; path = TownSelectionTableViewCell.swift; sourceTree = "<group>"; };
		4C46313127C4FA4F00475AE0 /* TownSelectionTableViewCell.xib */ = {isa = PBXFileReference; lastKnownFileType = file.xib; path = TownSelectionTableViewCell.xib; sourceTree = "<group>"; };
		4C46313627C50D5200475AE0 /* SearchFuelViewController.swift */ = {isa = PBXFileReference; lastKnownFileType = sourcecode.swift; path = SearchFuelViewController.swift; sourceTree = "<group>"; };
		4C4D596C28B10FEB005E1A85 /* MasGas.entitlements */ = {isa = PBXFileReference; lastKnownFileType = text.plist.entitlements; path = MasGas.entitlements; sourceTree = "<group>"; };
		4C4D596E28B1126C005E1A85 /* LoginButton.swift */ = {isa = PBXFileReference; lastKnownFileType = sourcecode.swift; path = LoginButton.swift; sourceTree = "<group>"; };
		4C4D597728B1345E005E1A85 /* es */ = {isa = PBXFileReference; lastKnownFileType = text.plist.strings; name = es; path = es.lproj/InfoPlist.strings; sourceTree = "<group>"; };
		4C4D597C28B134A8005E1A85 /* en */ = {isa = PBXFileReference; lastKnownFileType = text.plist.strings; name = en; path = en.lproj/InfoPlist.strings; sourceTree = "<group>"; };
		4C5A7ECE27D76C290096FB55 /* GasStationTableViewCell.swift */ = {isa = PBXFileReference; lastKnownFileType = sourcecode.swift; path = GasStationTableViewCell.swift; sourceTree = "<group>"; };
		4C5A7ECF27D76C290096FB55 /* GasStationTableViewCell.xib */ = {isa = PBXFileReference; lastKnownFileType = file.xib; path = GasStationTableViewCell.xib; sourceTree = "<group>"; };
		4C6DFF3727C26989002289B5 /* GoogleService-Info.plist */ = {isa = PBXFileReference; fileEncoding = 4; lastKnownFileType = text.plist.xml; path = "GoogleService-Info.plist"; sourceTree = "<group>"; };
		4C767EAA27D6882A0034CEBA /* GasStationLocationViewController.swift */ = {isa = PBXFileReference; lastKnownFileType = sourcecode.swift; path = GasStationLocationViewController.swift; sourceTree = "<group>"; };
		4C8313EF27D14AC90014E956 /* BusquedaCarburante.swift */ = {isa = PBXFileReference; lastKnownFileType = sourcecode.swift; path = BusquedaCarburante.swift; sourceTree = "<group>"; };
		4C8313F127D14F5E0014E956 /* LocationLayer.swift */ = {isa = PBXFileReference; lastKnownFileType = sourcecode.swift; path = LocationLayer.swift; sourceTree = "<group>"; };
		4C8394D327BADB45002C873F /* FuelsViewController.swift */ = {isa = PBXFileReference; lastKnownFileType = sourcecode.swift; path = FuelsViewController.swift; sourceTree = "<group>"; };
		4C8394D527BAE0A0002C873F /* Colors.swift */ = {isa = PBXFileReference; lastKnownFileType = sourcecode.swift; path = Colors.swift; sourceTree = "<group>"; };
		4C8394D727BAE47B002C873F /* String.swift */ = {isa = PBXFileReference; lastKnownFileType = sourcecode.swift; path = String.swift; sourceTree = "<group>"; };
		4C8394DF27BAE8BB002C873F /* en */ = {isa = PBXFileReference; lastKnownFileType = text.plist.strings; name = en; path = en.lproj/Localizable.strings; sourceTree = "<group>"; };
		4C8394E127BAE8E3002C873F /* es */ = {isa = PBXFileReference; lastKnownFileType = text.plist.strings; name = es; path = es.lproj/Main.strings; sourceTree = "<group>"; };
		4C8394E227BAE8E3002C873F /* es */ = {isa = PBXFileReference; lastKnownFileType = text.plist.strings; name = es; path = es.lproj/LaunchScreen.strings; sourceTree = "<group>"; };
		4C8394E327BAE8E3002C873F /* es */ = {isa = PBXFileReference; lastKnownFileType = text.plist.strings; name = es; path = es.lproj/Localizable.strings; sourceTree = "<group>"; };
		4C92ACE928185FDB0055F94F /* BasePresenter.swift */ = {isa = PBXFileReference; lastKnownFileType = sourcecode.swift; path = BasePresenter.swift; sourceTree = "<group>"; };
		4C9471D627A1B1D2001F49F9 /* MasGas.app */ = {isa = PBXFileReference; explicitFileType = wrapper.application; includeInIndex = 0; path = MasGas.app; sourceTree = BUILT_PRODUCTS_DIR; };
		4C9471D927A1B1D2001F49F9 /* AppDelegate.swift */ = {isa = PBXFileReference; lastKnownFileType = sourcecode.swift; path = AppDelegate.swift; sourceTree = "<group>"; };
		4C9471DB27A1B1D2001F49F9 /* SceneDelegate.swift */ = {isa = PBXFileReference; lastKnownFileType = sourcecode.swift; path = SceneDelegate.swift; sourceTree = "<group>"; };
		4C9471E027A1B1D2001F49F9 /* Base */ = {isa = PBXFileReference; lastKnownFileType = file.storyboard; name = Base; path = Base.lproj/Main.storyboard; sourceTree = "<group>"; };
		4C9471E227A1B1D2001F49F9 /* Assets.xcassets */ = {isa = PBXFileReference; lastKnownFileType = folder.assetcatalog; path = Assets.xcassets; sourceTree = "<group>"; };
		4C9471E527A1B1D2001F49F9 /* Base */ = {isa = PBXFileReference; lastKnownFileType = file.storyboard; name = Base; path = Base.lproj/LaunchScreen.storyboard; sourceTree = "<group>"; };
		4C9471E727A1B1D2001F49F9 /* Info.plist */ = {isa = PBXFileReference; lastKnownFileType = text.plist.xml; path = Info.plist; sourceTree = "<group>"; };
		4C9471EC27A1B1D2001F49F9 /* MasGasTests.xctest */ = {isa = PBXFileReference; explicitFileType = wrapper.cfbundle; includeInIndex = 0; path = MasGasTests.xctest; sourceTree = BUILT_PRODUCTS_DIR; };
		4C9471F027A1B1D2001F49F9 /* MasGasTests.swift */ = {isa = PBXFileReference; lastKnownFileType = sourcecode.swift; path = MasGasTests.swift; sourceTree = "<group>"; };
		4C9471F627A1B1D2001F49F9 /* MasGasUITests.xctest */ = {isa = PBXFileReference; explicitFileType = wrapper.cfbundle; includeInIndex = 0; path = MasGasUITests.xctest; sourceTree = BUILT_PRODUCTS_DIR; };
		4C9471FA27A1B1D2001F49F9 /* MasGasUITests.swift */ = {isa = PBXFileReference; lastKnownFileType = sourcecode.swift; path = MasGasUITests.swift; sourceTree = "<group>"; };
		4C9471FC27A1B1D2001F49F9 /* MasGasUITestsLaunchTests.swift */ = {isa = PBXFileReference; lastKnownFileType = sourcecode.swift; path = MasGasUITestsLaunchTests.swift; sourceTree = "<group>"; };
		4C96040327BE7ABB002A59CA /* FuelTableViewCell.swift */ = {isa = PBXFileReference; lastKnownFileType = sourcecode.swift; path = FuelTableViewCell.swift; sourceTree = "<group>"; };
		4C96040427BE7ABB002A59CA /* FuelTableViewCell.xib */ = {isa = PBXFileReference; lastKnownFileType = file.xib; path = FuelTableViewCell.xib; sourceTree = "<group>"; };
		4C96040727BE8630002A59CA /* FetchFuelsUseCase.swift */ = {isa = PBXFileReference; lastKnownFileType = sourcecode.swift; path = FetchFuelsUseCase.swift; sourceTree = "<group>"; };
		4C96040B27BE8830002A59CA /* LocalDataStore.swift */ = {isa = PBXFileReference; lastKnownFileType = sourcecode.swift; path = LocalDataStore.swift; sourceTree = "<group>"; };
		4C9CE5BE27E10D1500B174CA /* FavoriteGasStationsPresenter.swift */ = {isa = PBXFileReference; lastKnownFileType = sourcecode.swift; path = FavoriteGasStationsPresenter.swift; sourceTree = "<group>"; };
		4C9CE5C027E110CD00B174CA /* GasStationLocationPresenter.swift */ = {isa = PBXFileReference; lastKnownFileType = sourcecode.swift; path = GasStationLocationPresenter.swift; sourceTree = "<group>"; };
		4C9DD04127BABF7500B65A25 /* RemoteDataStore.swift */ = {isa = PBXFileReference; lastKnownFileType = sourcecode.swift; path = RemoteDataStore.swift; sourceTree = "<group>"; };
		4C9DD04327BAC55D00B65A25 /* Constants.swift */ = {isa = PBXFileReference; lastKnownFileType = sourcecode.swift; path = Constants.swift; sourceTree = "<group>"; };
		4C9E65CB27DFCF4D002DF59F /* SearchFavoriteUseCase.swift */ = {isa = PBXFileReference; lastKnownFileType = sourcecode.swift; path = SearchFavoriteUseCase.swift; sourceTree = "<group>"; };
		4CA26EA427DF680B002E10C6 /* GetFavoriteGasStationsUseCase.swift */ = {isa = PBXFileReference; lastKnownFileType = sourcecode.swift; path = GetFavoriteGasStationsUseCase.swift; sourceTree = "<group>"; };
		4CA26EA627DF6817002E10C6 /* SaveFavoriteGasStationUseCase.swift */ = {isa = PBXFileReference; lastKnownFileType = sourcecode.swift; path = SaveFavoriteGasStationUseCase.swift; sourceTree = "<group>"; };
		4CA334BF27ECF975004DE029 /* Repository.swift */ = {isa = PBXFileReference; lastKnownFileType = sourcecode.swift; path = Repository.swift; sourceTree = "<group>"; };
		4CA334C327ECFD9A004DE029 /* EmailLoginUseCase.swift */ = {isa = PBXFileReference; lastKnownFileType = sourcecode.swift; path = EmailLoginUseCase.swift; sourceTree = "<group>"; };
		4CA334C527ED01AE004DE029 /* EmailSignUpUseCase.swift */ = {isa = PBXFileReference; lastKnownFileType = sourcecode.swift; path = EmailSignUpUseCase.swift; sourceTree = "<group>"; };
		4CA334C727ED0523004DE029 /* LogOutUseCase.swift */ = {isa = PBXFileReference; lastKnownFileType = sourcecode.swift; path = LogOutUseCase.swift; sourceTree = "<group>"; };
		4CA334C927ED0567004DE029 /* GoogleLoginUseCase.swift */ = {isa = PBXFileReference; lastKnownFileType = sourcecode.swift; path = GoogleLoginUseCase.swift; sourceTree = "<group>"; };
		4CA334CB27ED0671004DE029 /* GetLocationUseCase.swift */ = {isa = PBXFileReference; lastKnownFileType = sourcecode.swift; path = GetLocationUseCase.swift; sourceTree = "<group>"; };
		4CAE5D9627CF65F2001E560A /* SearchFuelUseCase.swift */ = {isa = PBXFileReference; lastKnownFileType = sourcecode.swift; path = SearchFuelUseCase.swift; sourceTree = "<group>"; };
		4CAE5D9827CF68E5001E560A /* SearchFuelPresenter.swift */ = {isa = PBXFileReference; lastKnownFileType = sourcecode.swift; path = SearchFuelPresenter.swift; sourceTree = "<group>"; };
		4CAF0B3E27D781D40030DC2B /* Gasolinera.swift */ = {isa = PBXFileReference; lastKnownFileType = sourcecode.swift; path = Gasolinera.swift; sourceTree = "<group>"; };
		4CAF247727F0D52300FD3D4B /* CalculateDistanceBetweenLocationsUseCase.swift */ = {isa = PBXFileReference; lastKnownFileType = sourcecode.swift; path = CalculateDistanceBetweenLocationsUseCase.swift; sourceTree = "<group>"; };
		4CBD01F927BABDC500C36FE2 /* Carburante.swift */ = {isa = PBXFileReference; lastKnownFileType = sourcecode.swift; path = Carburante.swift; sourceTree = "<group>"; };
		4CBD01FB27BABE4D00C36FE2 /* Municipio.swift */ = {isa = PBXFileReference; lastKnownFileType = sourcecode.swift; path = Municipio.swift; sourceTree = "<group>"; };
		4CC77E6127A309CB007589F4 /* UIViewController.swift */ = {isa = PBXFileReference; lastKnownFileType = sourcecode.swift; path = UIViewController.swift; sourceTree = "<group>"; };
		4CC77E6727A30ED8007589F4 /* AuthenticationLayer.swift */ = {isa = PBXFileReference; lastKnownFileType = sourcecode.swift; path = AuthenticationLayer.swift; sourceTree = "<group>"; };
		4CD2472D27C119B400E086A4 /* FuelsPresenter.swift */ = {isa = PBXFileReference; lastKnownFileType = sourcecode.swift; path = FuelsPresenter.swift; sourceTree = "<group>"; };
		4CD2472F27C1232100E086A4 /* Config.swift */ = {isa = PBXFileReference; lastKnownFileType = sourcecode.swift; path = Config.swift; sourceTree = "<group>"; };
		4CD9D0C728B15D1C007CBE83 /* OptionsTableViewController.swift */ = {isa = PBXFileReference; lastKnownFileType = sourcecode.swift; path = OptionsTableViewController.swift; sourceTree = "<group>"; };
		4CD9D0C928B15D8D007CBE83 /* OptionsTableViewCell.swift */ = {isa = PBXFileReference; lastKnownFileType = sourcecode.swift; path = OptionsTableViewCell.swift; sourceTree = "<group>"; };
		4CD9D0CA28B15D8D007CBE83 /* OptionsTableViewCell.xib */ = {isa = PBXFileReference; lastKnownFileType = file.xib; path = OptionsTableViewCell.xib; sourceTree = "<group>"; };
		4CD9D0CD28B15F8C007CBE83 /* OptionsModel.swift */ = {isa = PBXFileReference; lastKnownFileType = sourcecode.swift; path = OptionsModel.swift; sourceTree = "<group>"; };
		4CD9D0CF28B16682007CBE83 /* OptionsPresenter.swift */ = {isa = PBXFileReference; lastKnownFileType = sourcecode.swift; path = OptionsPresenter.swift; sourceTree = "<group>"; };
		4CD9D0D128B170D9007CBE83 /* DeleteAccountUseCase.swift */ = {isa = PBXFileReference; lastKnownFileType = sourcecode.swift; path = DeleteAccountUseCase.swift; sourceTree = "<group>"; };
		4CD9D0D328B17A65007CBE83 /* AboutViewController.swift */ = {isa = PBXFileReference; lastKnownFileType = sourcecode.swift; path = AboutViewController.swift; sourceTree = "<group>"; };
		4CF016CA27A6C28600A0451E /* UITextField.swift */ = {isa = PBXFileReference; lastKnownFileType = sourcecode.swift; path = UITextField.swift; sourceTree = "<group>"; };
		4CF016CC27A6C4CA00A0451E /* SignUpViewController.swift */ = {isa = PBXFileReference; lastKnownFileType = sourcecode.swift; path = SignUpViewController.swift; sourceTree = "<group>"; };
		887AE942E0534BF6818305FE /* Pods_MasGas_MasGasUITests.framework */ = {isa = PBXFileReference; explicitFileType = wrapper.framework; includeInIndex = 0; path = Pods_MasGas_MasGasUITests.framework; sourceTree = BUILT_PRODUCTS_DIR; };
		9E7260AC8CB1FBB90AB7F772 /* Pods_MasGasTests.framework */ = {isa = PBXFileReference; explicitFileType = wrapper.framework; includeInIndex = 0; path = Pods_MasGasTests.framework; sourceTree = BUILT_PRODUCTS_DIR; };
		A980AA75A3976A38950B99B4 /* Pods-MasGas.release.xcconfig */ = {isa = PBXFileReference; includeInIndex = 1; lastKnownFileType = text.xcconfig; name = "Pods-MasGas.release.xcconfig"; path = "Target Support Files/Pods-MasGas/Pods-MasGas.release.xcconfig"; sourceTree = "<group>"; };
		C595D1FDCE044EA52C265430 /* Pods-MasGasTests.debug.xcconfig */ = {isa = PBXFileReference; includeInIndex = 1; lastKnownFileType = text.xcconfig; name = "Pods-MasGasTests.debug.xcconfig"; path = "Target Support Files/Pods-MasGasTests/Pods-MasGasTests.debug.xcconfig"; sourceTree = "<group>"; };
		D30BCB60A73821A5712B0A85 /* Pods-MasGas-MasGasUITests.debug.xcconfig */ = {isa = PBXFileReference; includeInIndex = 1; lastKnownFileType = text.xcconfig; name = "Pods-MasGas-MasGasUITests.debug.xcconfig"; path = "Target Support Files/Pods-MasGas-MasGasUITests/Pods-MasGas-MasGasUITests.debug.xcconfig"; sourceTree = "<group>"; };
		F7D6584D95B95C233EC32874 /* Pods-MasGas-MasGasUITests.release.xcconfig */ = {isa = PBXFileReference; includeInIndex = 1; lastKnownFileType = text.xcconfig; name = "Pods-MasGas-MasGasUITests.release.xcconfig"; path = "Target Support Files/Pods-MasGas-MasGasUITests/Pods-MasGas-MasGasUITests.release.xcconfig"; sourceTree = "<group>"; };
/* End PBXFileReference section */

/* Begin PBXFrameworksBuildPhase section */
		4C9471D327A1B1D2001F49F9 /* Frameworks */ = {
			isa = PBXFrameworksBuildPhase;
			buildActionMask = 2147483647;
			files = (
				4C579036E2881C44F276B095 /* Pods_MasGas.framework in Frameworks */,
			);
			runOnlyForDeploymentPostprocessing = 0;
		};
		4C9471E927A1B1D2001F49F9 /* Frameworks */ = {
			isa = PBXFrameworksBuildPhase;
			buildActionMask = 2147483647;
			files = (
				FE30C066FDC55D9D6C47E73A /* Pods_MasGasTests.framework in Frameworks */,
			);
			runOnlyForDeploymentPostprocessing = 0;
		};
		4C9471F327A1B1D2001F49F9 /* Frameworks */ = {
			isa = PBXFrameworksBuildPhase;
			buildActionMask = 2147483647;
			files = (
				E8EAEB7D146EBCE0C58D316C /* Pods_MasGas_MasGasUITests.framework in Frameworks */,
			);
			runOnlyForDeploymentPostprocessing = 0;
		};
/* End PBXFrameworksBuildPhase section */

/* Begin PBXGroup section */
		4C17B2BF27BC431300B577E7 /* GasStations */ = {
			isa = PBXGroup;
			children = (
				4C5A7ECD27D76C0F0096FB55 /* GasStationCell */,
				4C17B2C027BC432D00B577E7 /* FavoriteGasStationsViewController.swift */,
			);
			path = GasStations;
			sourceTree = "<group>";
		};
		4C3543A227CE3E300098F408 /* QueryFuelCell */ = {
			isa = PBXGroup;
			children = (
				4C3543A327CE3E4B0098F408 /* QueryFuelTableViewCell.swift */,
				4C3543A427CE3E4B0098F408 /* QueryFuelTableViewCell.xib */,
			);
			path = QueryFuelCell;
			sourceTree = "<group>";
		};
		4C45348327A1D65B0026E02C /* Fonts */ = {
			isa = PBXGroup;
			children = (
				4C45348527A1D6C10026E02C /* Montserrat-VariableFont_wght.ttf */,
			);
			path = Fonts;
			sourceTree = "<group>";
		};
		4C45348B27A1DB280026E02C /* Firebase */ = {
			isa = PBXGroup;
			children = (
				4C6DFF3727C26989002289B5 /* GoogleService-Info.plist */,
			);
			path = Firebase;
			sourceTree = "<group>";
		};
		4C45348C27A1DB330026E02C /* Extensions */ = {
			isa = PBXGroup;
			children = (
				4CC77E6127A309CB007589F4 /* UIViewController.swift */,
				4CF016CA27A6C28600A0451E /* UITextField.swift */,
				4C8394D727BAE47B002C873F /* String.swift */,
			);
			path = Extensions;
			sourceTree = "<group>";
		};
		4C45348D27A1DB3F0026E02C /* Presenters */ = {
			isa = PBXGroup;
			children = (
				4C17B2B927BC305B00B577E7 /* SignUpPresenter.swift */,
				4C17B2BB27BC30AB00B577E7 /* LoginPresenter.swift */,
				4CD2472D27C119B400E086A4 /* FuelsPresenter.swift */,
				4C46312D27C4F8F800475AE0 /* TownSelectionPresenter.swift */,
				4CAE5D9827CF68E5001E560A /* SearchFuelPresenter.swift */,
				4C9CE5BE27E10D1500B174CA /* FavoriteGasStationsPresenter.swift */,
				4C9CE5C027E110CD00B174CA /* GasStationLocationPresenter.swift */,
				4C92ACE928185FDB0055F94F /* BasePresenter.swift */,
				4CD9D0CF28B16682007CBE83 /* OptionsPresenter.swift */,
			);
			path = Presenters;
			sourceTree = "<group>";
		};
		4C45349027A1DB740026E02C /* Controllers */ = {
			isa = PBXGroup;
			children = (
				4C46312627C4F61700475AE0 /* TownSelection */,
				4C17B2BF27BC431300B577E7 /* GasStations */,
				4C8394D227BADB35002C873F /* Fuel */,
				4C45349427A1E37F0026E02C /* Login */,
				4C17B2BD27BC3F5500B577E7 /* TabBarViewController.swift */,
				4C11049127F4B84400C36B69 /* BaseViewController.swift */,
				4CD9D0D328B17A65007CBE83 /* AboutViewController.swift */,
			);
			path = Controllers;
			sourceTree = "<group>";
		};
		4C45349127A1DB800026E02C /* Storyboards */ = {
			isa = PBXGroup;
			children = (
				4C9471DF27A1B1D2001F49F9 /* Main.storyboard */,
			);
			path = Storyboards;
			sourceTree = "<group>";
		};
		4C45349427A1E37F0026E02C /* Login */ = {
			isa = PBXGroup;
			children = (
				4C45349527A1E3900026E02C /* LoginViewController.swift */,
				4CF016CC27A6C4CA00A0451E /* SignUpViewController.swift */,
			);
			path = Login;
			sourceTree = "<group>";
		};
		4C46312627C4F61700475AE0 /* TownSelection */ = {
			isa = PBXGroup;
			children = (
				4C46312F27C4FA3800475AE0 /* TownSelectionCell */,
				4C46312727C4F62F00475AE0 /* TownSelectionViewController.swift */,
			);
			path = TownSelection;
			sourceTree = "<group>";
		};
		4C46312F27C4FA3800475AE0 /* TownSelectionCell */ = {
			isa = PBXGroup;
			children = (
				4C46313027C4FA4F00475AE0 /* TownSelectionTableViewCell.swift */,
				4C46313127C4FA4F00475AE0 /* TownSelectionTableViewCell.xib */,
			);
			path = TownSelectionCell;
			sourceTree = "<group>";
		};
		4C4D596D28B11252005E1A85 /* CustomComponents */ = {
			isa = PBXGroup;
			children = (
				4C4D596E28B1126C005E1A85 /* LoginButton.swift */,
			);
			path = CustomComponents;
			sourceTree = "<group>";
		};
		4C4D597328B13449005E1A85 /* InfoPlist */ = {
			isa = PBXGroup;
			children = (
				4C4D597828B1345E005E1A85 /* InfoPlist.strings */,
				4C4D597D28B134A8005E1A85 /* InfoPlist.strings */,
			);
			path = InfoPlist;
			sourceTree = "<group>";
		};
		4C5A7ECB27D74DBB0096FB55 /* Local */ = {
			isa = PBXGroup;
			children = (
				4C8313F127D14F5E0014E956 /* LocationLayer.swift */,
				4C96040B27BE8830002A59CA /* LocalDataStore.swift */,
			);
			path = Local;
			sourceTree = "<group>";
		};
		4C5A7ECC27D74DC00096FB55 /* Remote */ = {
			isa = PBXGroup;
			children = (
				4CC77E6727A30ED8007589F4 /* AuthenticationLayer.swift */,
				4C9DD04127BABF7500B65A25 /* RemoteDataStore.swift */,
			);
			path = Remote;
			sourceTree = "<group>";
		};
		4C5A7ECD27D76C0F0096FB55 /* GasStationCell */ = {
			isa = PBXGroup;
			children = (
				4C5A7ECE27D76C290096FB55 /* GasStationTableViewCell.swift */,
				4C5A7ECF27D76C290096FB55 /* GasStationTableViewCell.xib */,
			);
			path = GasStationCell;
			sourceTree = "<group>";
		};
		4C767EA927D687D20034CEBA /* GasStationLocation */ = {
			isa = PBXGroup;
			children = (
				4C767EAA27D6882A0034CEBA /* GasStationLocationViewController.swift */,
			);
			path = GasStationLocation;
			sourceTree = "<group>";
		};
		4C8394D227BADB35002C873F /* Fuel */ = {
			isa = PBXGroup;
			children = (
				4CD9D0C628B15CF7007CBE83 /* OptionsCell */,
				4C767EA927D687D20034CEBA /* GasStationLocation */,
				4C3543A227CE3E300098F408 /* QueryFuelCell */,
				4C96040227BE7A89002A59CA /* FuelCell */,
				4C8394D327BADB45002C873F /* FuelsViewController.swift */,
				4C46313627C50D5200475AE0 /* SearchFuelViewController.swift */,
				4C3543A727CE46D90098F408 /* QueryOptionsTableViewController.swift */,
				4CD9D0C728B15D1C007CBE83 /* OptionsTableViewController.swift */,
			);
			path = Fuel;
			sourceTree = "<group>";
		};
		4C8394D927BAE65D002C873F /* Config */ = {
			isa = PBXGroup;
			children = (
				4C9DD04327BAC55D00B65A25 /* Constants.swift */,
				4C8394D527BAE0A0002C873F /* Colors.swift */,
				4CD2472F27C1232100E086A4 /* Config.swift */,
			);
			path = Config;
			sourceTree = "<group>";
		};
		4C8394DA27BAE67A002C873F /* Images */ = {
			isa = PBXGroup;
			children = (
				4C9471E227A1B1D2001F49F9 /* Assets.xcassets */,
			);
			path = Images;
			sourceTree = "<group>";
		};
		4C8394DB27BAE68D002C873F /* Localizable */ = {
			isa = PBXGroup;
			children = (
				4C4D597328B13449005E1A85 /* InfoPlist */,
				4C8394E027BAE8BB002C873F /* Localizable.strings */,
			);
			path = Localizable;
			sourceTree = "<group>";
		};
		4C9471CD27A1B1D1001F49F9 = {
			isa = PBXGroup;
			children = (
				4C9471D827A1B1D2001F49F9 /* MasGas */,
				4C9471EF27A1B1D2001F49F9 /* MasGasTests */,
				4C9471F927A1B1D2001F49F9 /* MasGasUITests */,
				4C9471D727A1B1D2001F49F9 /* Products */,
				D66F3C4EE6C575070CFD7B2C /* Pods */,
				DB3D246269D7BDCC10258210 /* Frameworks */,
			);
			sourceTree = "<group>";
		};
		4C9471D727A1B1D2001F49F9 /* Products */ = {
			isa = PBXGroup;
			children = (
				4C9471D627A1B1D2001F49F9 /* MasGas.app */,
				4C9471EC27A1B1D2001F49F9 /* MasGasTests.xctest */,
				4C9471F627A1B1D2001F49F9 /* MasGasUITests.xctest */,
			);
			name = Products;
			sourceTree = "<group>";
		};
		4C9471D827A1B1D2001F49F9 /* MasGas */ = {
			isa = PBXGroup;
			children = (
				4C4D596C28B10FEB005E1A85 /* MasGas.entitlements */,
				4CBD01F827BABD9800C36FE2 /* Data */,
				4CBD01F527BABD4200C36FE2 /* Domain */,
				4CBD01F427BABCF800C36FE2 /* Presentation */,
				4C45348C27A1DB330026E02C /* Extensions */,
				4C45348B27A1DB280026E02C /* Firebase */,
				4C9471D927A1B1D2001F49F9 /* AppDelegate.swift */,
				4C9471DB27A1B1D2001F49F9 /* SceneDelegate.swift */,
				4C9471E427A1B1D2001F49F9 /* LaunchScreen.storyboard */,
				4C9471E727A1B1D2001F49F9 /* Info.plist */,
			);
			path = MasGas;
			sourceTree = "<group>";
		};
		4C9471EF27A1B1D2001F49F9 /* MasGasTests */ = {
			isa = PBXGroup;
			children = (
				4C9471F027A1B1D2001F49F9 /* MasGasTests.swift */,
			);
			path = MasGasTests;
			sourceTree = "<group>";
		};
		4C9471F927A1B1D2001F49F9 /* MasGasUITests */ = {
			isa = PBXGroup;
			children = (
				4C9471FA27A1B1D2001F49F9 /* MasGasUITests.swift */,
				4C9471FC27A1B1D2001F49F9 /* MasGasUITestsLaunchTests.swift */,
			);
			path = MasGasUITests;
			sourceTree = "<group>";
		};
		4C96040227BE7A89002A59CA /* FuelCell */ = {
			isa = PBXGroup;
			children = (
				4C96040327BE7ABB002A59CA /* FuelTableViewCell.swift */,
				4C96040427BE7ABB002A59CA /* FuelTableViewCell.xib */,
			);
			path = FuelCell;
			sourceTree = "<group>";
		};
		4C9DD04027BABF6700B65A25 /* Repository */ = {
			isa = PBXGroup;
			children = (
				4CA334BF27ECF975004DE029 /* Repository.swift */,
			);
			path = Repository;
			sourceTree = "<group>";
		};
		4C9DD04527BAC56000B65A25 /* Resources */ = {
			isa = PBXGroup;
			children = (
				4C8394DB27BAE68D002C873F /* Localizable */,
				4C8394DA27BAE67A002C873F /* Images */,
				4C45348327A1D65B0026E02C /* Fonts */,
				4C8394D927BAE65D002C873F /* Config */,
			);
			path = Resources;
			sourceTree = "<group>";
		};
		4CBD01F427BABCF800C36FE2 /* Presentation */ = {
			isa = PBXGroup;
			children = (
				4C4D596D28B11252005E1A85 /* CustomComponents */,
				4C45349027A1DB740026E02C /* Controllers */,
				4C45349127A1DB800026E02C /* Storyboards */,
				4C45348D27A1DB3F0026E02C /* Presenters */,
			);
			path = Presentation;
			sourceTree = "<group>";
		};
		4CBD01F527BABD4200C36FE2 /* Domain */ = {
			isa = PBXGroup;
			children = (
				4CBD01F727BABD5800C36FE2 /* UseCases */,
				4CBD01F627BABD5200C36FE2 /* Models */,
			);
			path = Domain;
			sourceTree = "<group>";
		};
		4CBD01F627BABD5200C36FE2 /* Models */ = {
			isa = PBXGroup;
			children = (
				4CBD01F927BABDC500C36FE2 /* Carburante.swift */,
				4CBD01FB27BABE4D00C36FE2 /* Municipio.swift */,
				4C3662FE27BACB19002A9B10 /* ListaEESSPrecio.swift */,
				4C36630027BACCD9002A9B10 /* Consulta.swift */,
				4C8313EF27D14AC90014E956 /* BusquedaCarburante.swift */,
				4CAF0B3E27D781D40030DC2B /* Gasolinera.swift */,
				4CD9D0CD28B15F8C007CBE83 /* OptionsModel.swift */,
			);
			path = Models;
			sourceTree = "<group>";
		};
		4CBD01F727BABD5800C36FE2 /* UseCases */ = {
			isa = PBXGroup;
			children = (
				4C96040727BE8630002A59CA /* FetchFuelsUseCase.swift */,
				4C46312927C4F7A000475AE0 /* FetchTownsUseCase.swift */,
				4CAE5D9627CF65F2001E560A /* SearchFuelUseCase.swift */,
				4CA26EA427DF680B002E10C6 /* GetFavoriteGasStationsUseCase.swift */,
				4CA26EA627DF6817002E10C6 /* SaveFavoriteGasStationUseCase.swift */,
				4C9E65CB27DFCF4D002DF59F /* SearchFavoriteUseCase.swift */,
				4C01255227E372110026572B /* RemoveFavoriteUseCase.swift */,
				4CA334C327ECFD9A004DE029 /* EmailLoginUseCase.swift */,
				4CA334C527ED01AE004DE029 /* EmailSignUpUseCase.swift */,
				4CA334C727ED0523004DE029 /* LogOutUseCase.swift */,
				4CA334C927ED0567004DE029 /* GoogleLoginUseCase.swift */,
				4CA334CB27ED0671004DE029 /* GetLocationUseCase.swift */,
				4CAF247727F0D52300FD3D4B /* CalculateDistanceBetweenLocationsUseCase.swift */,
				4C11049327F4BC1200C36B69 /* FetchSelectedTownUseCase.swift */,
				4C38D2DA28132BF10090FE98 /* IsLocationEnabledUseCase.swift */,
				4CD9D0D128B170D9007CBE83 /* DeleteAccountUseCase.swift */,
			);
			path = UseCases;
			sourceTree = "<group>";
		};
		4CBD01F827BABD9800C36FE2 /* Data */ = {
			isa = PBXGroup;
			children = (
				4C5A7ECC27D74DC00096FB55 /* Remote */,
				4C5A7ECB27D74DBB0096FB55 /* Local */,
				4C9DD04527BAC56000B65A25 /* Resources */,
				4C9DD04027BABF6700B65A25 /* Repository */,
			);
			path = Data;
			sourceTree = "<group>";
		};
		4CD9D0C628B15CF7007CBE83 /* OptionsCell */ = {
			isa = PBXGroup;
			children = (
				4CD9D0C928B15D8D007CBE83 /* OptionsTableViewCell.swift */,
				4CD9D0CA28B15D8D007CBE83 /* OptionsTableViewCell.xib */,
			);
			path = OptionsCell;
			sourceTree = "<group>";
		};
		D66F3C4EE6C575070CFD7B2C /* Pods */ = {
			isa = PBXGroup;
			children = (
				27E130D69D8F7E104A72F643 /* Pods-MasGas.debug.xcconfig */,
				A980AA75A3976A38950B99B4 /* Pods-MasGas.release.xcconfig */,
				D30BCB60A73821A5712B0A85 /* Pods-MasGas-MasGasUITests.debug.xcconfig */,
				F7D6584D95B95C233EC32874 /* Pods-MasGas-MasGasUITests.release.xcconfig */,
				C595D1FDCE044EA52C265430 /* Pods-MasGasTests.debug.xcconfig */,
				24880C38190229E20ADFA345 /* Pods-MasGasTests.release.xcconfig */,
			);
			path = Pods;
			sourceTree = "<group>";
		};
		DB3D246269D7BDCC10258210 /* Frameworks */ = {
			isa = PBXGroup;
			children = (
				267F76832B175E1E706A47F1 /* Pods_MasGas.framework */,
				887AE942E0534BF6818305FE /* Pods_MasGas_MasGasUITests.framework */,
				9E7260AC8CB1FBB90AB7F772 /* Pods_MasGasTests.framework */,
			);
			name = Frameworks;
			sourceTree = "<group>";
		};
/* End PBXGroup section */

/* Begin PBXNativeTarget section */
		4C9471D527A1B1D2001F49F9 /* MasGas */ = {
			isa = PBXNativeTarget;
			buildConfigurationList = 4C94720027A1B1D2001F49F9 /* Build configuration list for PBXNativeTarget "MasGas" */;
			buildPhases = (
				9DCFBBC174D85C5B18AB10B6 /* [CP] Check Pods Manifest.lock */,
				4C9471D227A1B1D2001F49F9 /* Sources */,
				4C9471D327A1B1D2001F49F9 /* Frameworks */,
				4C9471D427A1B1D2001F49F9 /* Resources */,
				4D21AC7E358E52D8480D3E1A /* [CP] Embed Pods Frameworks */,
			);
			buildRules = (
			);
			dependencies = (
			);
			name = MasGas;
			packageProductDependencies = (
			);
			productName = MasGas;
			productReference = 4C9471D627A1B1D2001F49F9 /* MasGas.app */;
			productType = "com.apple.product-type.application";
		};
		4C9471EB27A1B1D2001F49F9 /* MasGasTests */ = {
			isa = PBXNativeTarget;
			buildConfigurationList = 4C94720327A1B1D2001F49F9 /* Build configuration list for PBXNativeTarget "MasGasTests" */;
			buildPhases = (
				D248AF5B5D6BFB087E6429A3 /* [CP] Check Pods Manifest.lock */,
				4C9471E827A1B1D2001F49F9 /* Sources */,
				4C9471E927A1B1D2001F49F9 /* Frameworks */,
				4C9471EA27A1B1D2001F49F9 /* Resources */,
			);
			buildRules = (
			);
			dependencies = (
				4C9471EE27A1B1D2001F49F9 /* PBXTargetDependency */,
			);
			name = MasGasTests;
			productName = MasGasTests;
			productReference = 4C9471EC27A1B1D2001F49F9 /* MasGasTests.xctest */;
			productType = "com.apple.product-type.bundle.unit-test";
		};
		4C9471F527A1B1D2001F49F9 /* MasGasUITests */ = {
			isa = PBXNativeTarget;
			buildConfigurationList = 4C94720627A1B1D2001F49F9 /* Build configuration list for PBXNativeTarget "MasGasUITests" */;
			buildPhases = (
				CE6752221803A3DCF515A612 /* [CP] Check Pods Manifest.lock */,
				4C9471F227A1B1D2001F49F9 /* Sources */,
				4C9471F327A1B1D2001F49F9 /* Frameworks */,
				4C9471F427A1B1D2001F49F9 /* Resources */,
				4019688D9B3FD65FEDCDF134 /* [CP] Embed Pods Frameworks */,
			);
			buildRules = (
			);
			dependencies = (
				4C9471F827A1B1D2001F49F9 /* PBXTargetDependency */,
			);
			name = MasGasUITests;
			productName = MasGasUITests;
			productReference = 4C9471F627A1B1D2001F49F9 /* MasGasUITests.xctest */;
			productType = "com.apple.product-type.bundle.ui-testing";
		};
/* End PBXNativeTarget section */

/* Begin PBXProject section */
		4C9471CE27A1B1D1001F49F9 /* Project object */ = {
			isa = PBXProject;
			attributes = {
				BuildIndependentTargetsInParallel = 1;
				LastSwiftUpdateCheck = 1320;
				LastUpgradeCheck = 1320;
				TargetAttributes = {
					4C9471D527A1B1D2001F49F9 = {
						CreatedOnToolsVersion = 13.2.1;
					};
					4C9471EB27A1B1D2001F49F9 = {
						CreatedOnToolsVersion = 13.2.1;
						TestTargetID = 4C9471D527A1B1D2001F49F9;
					};
					4C9471F527A1B1D2001F49F9 = {
						CreatedOnToolsVersion = 13.2.1;
						TestTargetID = 4C9471D527A1B1D2001F49F9;
					};
				};
			};
			buildConfigurationList = 4C9471D127A1B1D1001F49F9 /* Build configuration list for PBXProject "MasGas" */;
			compatibilityVersion = "Xcode 13.0";
			developmentRegion = en;
			hasScannedForEncodings = 0;
			knownRegions = (
				en,
				Base,
				es,
			);
			mainGroup = 4C9471CD27A1B1D1001F49F9;
			packageReferences = (
				4CD740C227C1805B0073CD94 /* XCRemoteSwiftPackageReference "firebase-ios-sdk" */,
			);
			productRefGroup = 4C9471D727A1B1D2001F49F9 /* Products */;
			projectDirPath = "";
			projectRoot = "";
			targets = (
				4C9471D527A1B1D2001F49F9 /* MasGas */,
				4C9471EB27A1B1D2001F49F9 /* MasGasTests */,
				4C9471F527A1B1D2001F49F9 /* MasGasUITests */,
			);
		};
/* End PBXProject section */

/* Begin PBXResourcesBuildPhase section */
		4C9471D427A1B1D2001F49F9 /* Resources */ = {
			isa = PBXResourcesBuildPhase;
			buildActionMask = 2147483647;
			files = (
				4C5A7ED127D76C290096FB55 /* GasStationTableViewCell.xib in Resources */,
				4C4D597B28B134A8005E1A85 /* InfoPlist.strings in Resources */,
				4C46313327C4FA4F00475AE0 /* TownSelectionTableViewCell.xib in Resources */,
				4C96040627BE7ABB002A59CA /* FuelTableViewCell.xib in Resources */,
				4C9471E627A1B1D2001F49F9 /* LaunchScreen.storyboard in Resources */,
				4C9471E327A1B1D2001F49F9 /* Assets.xcassets in Resources */,
				4C45348627A1D6C30026E02C /* Montserrat-VariableFont_wght.ttf in Resources */,
				4C8394DE27BAE8BB002C873F /* Localizable.strings in Resources */,
				4C3543A627CE3E4B0098F408 /* QueryFuelTableViewCell.xib in Resources */,
				4C6DFF3827C26989002289B5 /* GoogleService-Info.plist in Resources */,
				4C4D597628B1345E005E1A85 /* InfoPlist.strings in Resources */,
				4CD9D0CC28B15D8D007CBE83 /* OptionsTableViewCell.xib in Resources */,
				4C9471E127A1B1D2001F49F9 /* Main.storyboard in Resources */,
			);
			runOnlyForDeploymentPostprocessing = 0;
		};
		4C9471EA27A1B1D2001F49F9 /* Resources */ = {
			isa = PBXResourcesBuildPhase;
			buildActionMask = 2147483647;
			files = (
			);
			runOnlyForDeploymentPostprocessing = 0;
		};
		4C9471F427A1B1D2001F49F9 /* Resources */ = {
			isa = PBXResourcesBuildPhase;
			buildActionMask = 2147483647;
			files = (
			);
			runOnlyForDeploymentPostprocessing = 0;
		};
/* End PBXResourcesBuildPhase section */

/* Begin PBXShellScriptBuildPhase section */
		4019688D9B3FD65FEDCDF134 /* [CP] Embed Pods Frameworks */ = {
			isa = PBXShellScriptBuildPhase;
			buildActionMask = 2147483647;
			files = (
			);
			inputFileListPaths = (
				"${PODS_ROOT}/Target Support Files/Pods-MasGas-MasGasUITests/Pods-MasGas-MasGasUITests-frameworks-${CONFIGURATION}-input-files.xcfilelist",
			);
			name = "[CP] Embed Pods Frameworks";
			outputFileListPaths = (
				"${PODS_ROOT}/Target Support Files/Pods-MasGas-MasGasUITests/Pods-MasGas-MasGasUITests-frameworks-${CONFIGURATION}-output-files.xcfilelist",
			);
			runOnlyForDeploymentPostprocessing = 0;
			shellPath = /bin/sh;
			shellScript = "\"${PODS_ROOT}/Target Support Files/Pods-MasGas-MasGasUITests/Pods-MasGas-MasGasUITests-frameworks.sh\"\n";
			showEnvVarsInLog = 0;
		};
		4D21AC7E358E52D8480D3E1A /* [CP] Embed Pods Frameworks */ = {
			isa = PBXShellScriptBuildPhase;
			buildActionMask = 2147483647;
			files = (
			);
			inputFileListPaths = (
				"${PODS_ROOT}/Target Support Files/Pods-MasGas/Pods-MasGas-frameworks-${CONFIGURATION}-input-files.xcfilelist",
			);
			name = "[CP] Embed Pods Frameworks";
			outputFileListPaths = (
				"${PODS_ROOT}/Target Support Files/Pods-MasGas/Pods-MasGas-frameworks-${CONFIGURATION}-output-files.xcfilelist",
			);
			runOnlyForDeploymentPostprocessing = 0;
			shellPath = /bin/sh;
			shellScript = "\"${PODS_ROOT}/Target Support Files/Pods-MasGas/Pods-MasGas-frameworks.sh\"\n";
			showEnvVarsInLog = 0;
		};
		9DCFBBC174D85C5B18AB10B6 /* [CP] Check Pods Manifest.lock */ = {
			isa = PBXShellScriptBuildPhase;
			buildActionMask = 2147483647;
			files = (
			);
			inputFileListPaths = (
			);
			inputPaths = (
				"${PODS_PODFILE_DIR_PATH}/Podfile.lock",
				"${PODS_ROOT}/Manifest.lock",
			);
			name = "[CP] Check Pods Manifest.lock";
			outputFileListPaths = (
			);
			outputPaths = (
				"$(DERIVED_FILE_DIR)/Pods-MasGas-checkManifestLockResult.txt",
			);
			runOnlyForDeploymentPostprocessing = 0;
			shellPath = /bin/sh;
			shellScript = "diff \"${PODS_PODFILE_DIR_PATH}/Podfile.lock\" \"${PODS_ROOT}/Manifest.lock\" > /dev/null\nif [ $? != 0 ] ; then\n    # print error to STDERR\n    echo \"error: The sandbox is not in sync with the Podfile.lock. Run 'pod install' or update your CocoaPods installation.\" >&2\n    exit 1\nfi\n# This output is used by Xcode 'outputs' to avoid re-running this script phase.\necho \"SUCCESS\" > \"${SCRIPT_OUTPUT_FILE_0}\"\n";
			showEnvVarsInLog = 0;
		};
		CE6752221803A3DCF515A612 /* [CP] Check Pods Manifest.lock */ = {
			isa = PBXShellScriptBuildPhase;
			buildActionMask = 2147483647;
			files = (
			);
			inputFileListPaths = (
			);
			inputPaths = (
				"${PODS_PODFILE_DIR_PATH}/Podfile.lock",
				"${PODS_ROOT}/Manifest.lock",
			);
			name = "[CP] Check Pods Manifest.lock";
			outputFileListPaths = (
			);
			outputPaths = (
				"$(DERIVED_FILE_DIR)/Pods-MasGas-MasGasUITests-checkManifestLockResult.txt",
			);
			runOnlyForDeploymentPostprocessing = 0;
			shellPath = /bin/sh;
			shellScript = "diff \"${PODS_PODFILE_DIR_PATH}/Podfile.lock\" \"${PODS_ROOT}/Manifest.lock\" > /dev/null\nif [ $? != 0 ] ; then\n    # print error to STDERR\n    echo \"error: The sandbox is not in sync with the Podfile.lock. Run 'pod install' or update your CocoaPods installation.\" >&2\n    exit 1\nfi\n# This output is used by Xcode 'outputs' to avoid re-running this script phase.\necho \"SUCCESS\" > \"${SCRIPT_OUTPUT_FILE_0}\"\n";
			showEnvVarsInLog = 0;
		};
		D248AF5B5D6BFB087E6429A3 /* [CP] Check Pods Manifest.lock */ = {
			isa = PBXShellScriptBuildPhase;
			buildActionMask = 2147483647;
			files = (
			);
			inputFileListPaths = (
			);
			inputPaths = (
				"${PODS_PODFILE_DIR_PATH}/Podfile.lock",
				"${PODS_ROOT}/Manifest.lock",
			);
			name = "[CP] Check Pods Manifest.lock";
			outputFileListPaths = (
			);
			outputPaths = (
				"$(DERIVED_FILE_DIR)/Pods-MasGasTests-checkManifestLockResult.txt",
			);
			runOnlyForDeploymentPostprocessing = 0;
			shellPath = /bin/sh;
			shellScript = "diff \"${PODS_PODFILE_DIR_PATH}/Podfile.lock\" \"${PODS_ROOT}/Manifest.lock\" > /dev/null\nif [ $? != 0 ] ; then\n    # print error to STDERR\n    echo \"error: The sandbox is not in sync with the Podfile.lock. Run 'pod install' or update your CocoaPods installation.\" >&2\n    exit 1\nfi\n# This output is used by Xcode 'outputs' to avoid re-running this script phase.\necho \"SUCCESS\" > \"${SCRIPT_OUTPUT_FILE_0}\"\n";
			showEnvVarsInLog = 0;
		};
/* End PBXShellScriptBuildPhase section */

/* Begin PBXSourcesBuildPhase section */
		4C9471D227A1B1D2001F49F9 /* Sources */ = {
			isa = PBXSourcesBuildPhase;
			buildActionMask = 2147483647;
			files = (
				4CC77E6827A30ED8007589F4 /* AuthenticationLayer.swift in Sources */,
				4C92ACEA28185FDB0055F94F /* BasePresenter.swift in Sources */,
				4CA334C827ED0523004DE029 /* LogOutUseCase.swift in Sources */,
				4CD9D0D428B17A65007CBE83 /* AboutViewController.swift in Sources */,
				4C17B2C127BC432D00B577E7 /* FavoriteGasStationsViewController.swift in Sources */,
				4C17B2BA27BC305B00B577E7 /* SignUpPresenter.swift in Sources */,
				4CAE5D9727CF65F2001E560A /* SearchFuelUseCase.swift in Sources */,
				4C8394D627BAE0A0002C873F /* Colors.swift in Sources */,
				4CF016CD27A6C4CA00A0451E /* SignUpViewController.swift in Sources */,
				4C9DD04227BABF7500B65A25 /* RemoteDataStore.swift in Sources */,
				4C3662FF27BACB19002A9B10 /* ListaEESSPrecio.swift in Sources */,
				4CBD01FC27BABE4D00C36FE2 /* Municipio.swift in Sources */,
				4C8394D427BADB45002C873F /* FuelsViewController.swift in Sources */,
				4CD9D0D228B170D9007CBE83 /* DeleteAccountUseCase.swift in Sources */,
				4CA334C627ED01AE004DE029 /* EmailSignUpUseCase.swift in Sources */,
				4C3543A527CE3E4B0098F408 /* QueryFuelTableViewCell.swift in Sources */,
				4C46312E27C4F8F800475AE0 /* TownSelectionPresenter.swift in Sources */,
				4CBD01FA27BABDC500C36FE2 /* Carburante.swift in Sources */,
				4CD9D0C828B15D1C007CBE83 /* OptionsTableViewController.swift in Sources */,
				4C11049227F4B84400C36B69 /* BaseViewController.swift in Sources */,
				4C01255327E372110026572B /* RemoveFavoriteUseCase.swift in Sources */,
				4CA334C027ECF975004DE029 /* Repository.swift in Sources */,
				4C4D596F28B1126C005E1A85 /* LoginButton.swift in Sources */,
				4C9CE5BF27E10D1500B174CA /* FavoriteGasStationsPresenter.swift in Sources */,
				4CA26EA527DF680B002E10C6 /* GetFavoriteGasStationsUseCase.swift in Sources */,
				4CF016CB27A6C28600A0451E /* UITextField.swift in Sources */,
				4C36630127BACCD9002A9B10 /* Consulta.swift in Sources */,
				4C45349627A1E3900026E02C /* LoginViewController.swift in Sources */,
				4C8313F027D14AC90014E956 /* BusquedaCarburante.swift in Sources */,
				4C96040C27BE8830002A59CA /* LocalDataStore.swift in Sources */,
				4CAE5D9927CF68E5001E560A /* SearchFuelPresenter.swift in Sources */,
				4C8313F227D14F5E0014E956 /* LocationLayer.swift in Sources */,
				4C96040527BE7ABB002A59CA /* FuelTableViewCell.swift in Sources */,
				4C17B2BC27BC30AB00B577E7 /* LoginPresenter.swift in Sources */,
				4CD2473027C1232100E086A4 /* Config.swift in Sources */,
				4CA26EA727DF6817002E10C6 /* SaveFavoriteGasStationUseCase.swift in Sources */,
				4C17B2BE27BC3F5500B577E7 /* TabBarViewController.swift in Sources */,
				4C96040827BE8630002A59CA /* FetchFuelsUseCase.swift in Sources */,
				4C46312A27C4F7A000475AE0 /* FetchTownsUseCase.swift in Sources */,
				4C9471DA27A1B1D2001F49F9 /* AppDelegate.swift in Sources */,
				4CC77E6227A309CB007589F4 /* UIViewController.swift in Sources */,
				4C3543A827CE46D90098F408 /* QueryOptionsTableViewController.swift in Sources */,
				4C11049427F4BC1200C36B69 /* FetchSelectedTownUseCase.swift in Sources */,
				4C9471DC27A1B1D2001F49F9 /* SceneDelegate.swift in Sources */,
				4CAF247827F0D52300FD3D4B /* CalculateDistanceBetweenLocationsUseCase.swift in Sources */,
				4C9CE5C127E110CE00B174CA /* GasStationLocationPresenter.swift in Sources */,
				4C9E65CC27DFCF4D002DF59F /* SearchFavoriteUseCase.swift in Sources */,
				4C38D2DB28132BF10090FE98 /* IsLocationEnabledUseCase.swift in Sources */,
				4C8394D827BAE47B002C873F /* String.swift in Sources */,
				4CA334C427ECFD9A004DE029 /* EmailLoginUseCase.swift in Sources */,
				4C5A7ED027D76C290096FB55 /* GasStationTableViewCell.swift in Sources */,
				4CA334CA27ED0567004DE029 /* GoogleLoginUseCase.swift in Sources */,
				4CD9D0CE28B15F8C007CBE83 /* OptionsModel.swift in Sources */,
				4C46313727C50D5200475AE0 /* SearchFuelViewController.swift in Sources */,
				4CD2472E27C119B400E086A4 /* FuelsPresenter.swift in Sources */,
				4C9DD04427BAC55D00B65A25 /* Constants.swift in Sources */,
				4CA334CC27ED0671004DE029 /* GetLocationUseCase.swift in Sources */,
				4CD9D0CB28B15D8D007CBE83 /* OptionsTableViewCell.swift in Sources */,
				4C46312827C4F62F00475AE0 /* TownSelectionViewController.swift in Sources */,
				4CD9D0D028B16682007CBE83 /* OptionsPresenter.swift in Sources */,
				4C46313227C4FA4F00475AE0 /* TownSelectionTableViewCell.swift in Sources */,
				4CAF0B3F27D781D40030DC2B /* Gasolinera.swift in Sources */,
				4C767EAB27D6882A0034CEBA /* GasStationLocationViewController.swift in Sources */,
			);
			runOnlyForDeploymentPostprocessing = 0;
		};
		4C9471E827A1B1D2001F49F9 /* Sources */ = {
			isa = PBXSourcesBuildPhase;
			buildActionMask = 2147483647;
			files = (
				4C9471F127A1B1D2001F49F9 /* MasGasTests.swift in Sources */,
			);
			runOnlyForDeploymentPostprocessing = 0;
		};
		4C9471F227A1B1D2001F49F9 /* Sources */ = {
			isa = PBXSourcesBuildPhase;
			buildActionMask = 2147483647;
			files = (
				4C9471FD27A1B1D2001F49F9 /* MasGasUITestsLaunchTests.swift in Sources */,
				4C9471FB27A1B1D2001F49F9 /* MasGasUITests.swift in Sources */,
			);
			runOnlyForDeploymentPostprocessing = 0;
		};
/* End PBXSourcesBuildPhase section */

/* Begin PBXTargetDependency section */
		4C9471EE27A1B1D2001F49F9 /* PBXTargetDependency */ = {
			isa = PBXTargetDependency;
			target = 4C9471D527A1B1D2001F49F9 /* MasGas */;
			targetProxy = 4C9471ED27A1B1D2001F49F9 /* PBXContainerItemProxy */;
		};
		4C9471F827A1B1D2001F49F9 /* PBXTargetDependency */ = {
			isa = PBXTargetDependency;
			target = 4C9471D527A1B1D2001F49F9 /* MasGas */;
			targetProxy = 4C9471F727A1B1D2001F49F9 /* PBXContainerItemProxy */;
		};
/* End PBXTargetDependency section */

/* Begin PBXVariantGroup section */
		4C4D597828B1345E005E1A85 /* InfoPlist.strings */ = {
			isa = PBXVariantGroup;
			children = (
				4C4D597728B1345E005E1A85 /* es */,
			);
			name = InfoPlist.strings;
			sourceTree = "<group>";
		};
		4C4D597D28B134A8005E1A85 /* InfoPlist.strings */ = {
			isa = PBXVariantGroup;
			children = (
				4C4D597C28B134A8005E1A85 /* en */,
			);
			name = InfoPlist.strings;
			sourceTree = "<group>";
		};
		4C8394E027BAE8BB002C873F /* Localizable.strings */ = {
			isa = PBXVariantGroup;
			children = (
				4C8394DF27BAE8BB002C873F /* en */,
				4C8394E327BAE8E3002C873F /* es */,
			);
			name = Localizable.strings;
			sourceTree = "<group>";
		};
		4C9471DF27A1B1D2001F49F9 /* Main.storyboard */ = {
			isa = PBXVariantGroup;
			children = (
				4C9471E027A1B1D2001F49F9 /* Base */,
				4C8394E127BAE8E3002C873F /* es */,
			);
			name = Main.storyboard;
			sourceTree = "<group>";
		};
		4C9471E427A1B1D2001F49F9 /* LaunchScreen.storyboard */ = {
			isa = PBXVariantGroup;
			children = (
				4C9471E527A1B1D2001F49F9 /* Base */,
				4C8394E227BAE8E3002C873F /* es */,
			);
			name = LaunchScreen.storyboard;
			sourceTree = "<group>";
		};
/* End PBXVariantGroup section */

/* Begin XCBuildConfiguration section */
		4C9471FE27A1B1D2001F49F9 /* Debug */ = {
			isa = XCBuildConfiguration;
			buildSettings = {
				ALWAYS_SEARCH_USER_PATHS = NO;
				CLANG_ANALYZER_LOCALIZABILITY_NONLOCALIZED = YES;
				CLANG_ANALYZER_NONNULL = YES;
				CLANG_ANALYZER_NUMBER_OBJECT_CONVERSION = YES_AGGRESSIVE;
				CLANG_CXX_LANGUAGE_STANDARD = "gnu++17";
				CLANG_CXX_LIBRARY = "libc++";
				CLANG_ENABLE_MODULES = YES;
				CLANG_ENABLE_OBJC_ARC = YES;
				CLANG_ENABLE_OBJC_WEAK = YES;
				CLANG_WARN_BLOCK_CAPTURE_AUTORELEASING = YES;
				CLANG_WARN_BOOL_CONVERSION = YES;
				CLANG_WARN_COMMA = YES;
				CLANG_WARN_CONSTANT_CONVERSION = YES;
				CLANG_WARN_DEPRECATED_OBJC_IMPLEMENTATIONS = YES;
				CLANG_WARN_DIRECT_OBJC_ISA_USAGE = YES_ERROR;
				CLANG_WARN_DOCUMENTATION_COMMENTS = YES;
				CLANG_WARN_EMPTY_BODY = YES;
				CLANG_WARN_ENUM_CONVERSION = YES;
				CLANG_WARN_INFINITE_RECURSION = YES;
				CLANG_WARN_INT_CONVERSION = YES;
				CLANG_WARN_NON_LITERAL_NULL_CONVERSION = YES;
				CLANG_WARN_OBJC_IMPLICIT_RETAIN_SELF = YES;
				CLANG_WARN_OBJC_LITERAL_CONVERSION = YES;
				CLANG_WARN_OBJC_ROOT_CLASS = YES_ERROR;
				CLANG_WARN_QUOTED_INCLUDE_IN_FRAMEWORK_HEADER = YES;
				CLANG_WARN_RANGE_LOOP_ANALYSIS = YES;
				CLANG_WARN_STRICT_PROTOTYPES = YES;
				CLANG_WARN_SUSPICIOUS_MOVE = YES;
				CLANG_WARN_UNGUARDED_AVAILABILITY = YES_AGGRESSIVE;
				CLANG_WARN_UNREACHABLE_CODE = YES;
				CLANG_WARN__DUPLICATE_METHOD_MATCH = YES;
				COPY_PHASE_STRIP = NO;
				DEBUG_INFORMATION_FORMAT = dwarf;
				ENABLE_STRICT_OBJC_MSGSEND = YES;
				ENABLE_TESTABILITY = YES;
				GCC_C_LANGUAGE_STANDARD = gnu11;
				GCC_DYNAMIC_NO_PIC = NO;
				GCC_NO_COMMON_BLOCKS = YES;
				GCC_OPTIMIZATION_LEVEL = 0;
				GCC_PREPROCESSOR_DEFINITIONS = (
					"DEBUG=1",
					"$(inherited)",
				);
				GCC_WARN_64_TO_32_BIT_CONVERSION = YES;
				GCC_WARN_ABOUT_RETURN_TYPE = YES_ERROR;
				GCC_WARN_UNDECLARED_SELECTOR = YES;
				GCC_WARN_UNINITIALIZED_AUTOS = YES_AGGRESSIVE;
				GCC_WARN_UNUSED_FUNCTION = YES;
				GCC_WARN_UNUSED_VARIABLE = YES;
				IPHONEOS_DEPLOYMENT_TARGET = 13.0;
				MTL_ENABLE_DEBUG_INFO = INCLUDE_SOURCE;
				MTL_FAST_MATH = YES;
				ONLY_ACTIVE_ARCH = YES;
				SDKROOT = iphoneos;
				SWIFT_ACTIVE_COMPILATION_CONDITIONS = DEBUG;
				SWIFT_OPTIMIZATION_LEVEL = "-Onone";
			};
			name = Debug;
		};
		4C9471FF27A1B1D2001F49F9 /* Release */ = {
			isa = XCBuildConfiguration;
			buildSettings = {
				ALWAYS_SEARCH_USER_PATHS = NO;
				CLANG_ANALYZER_LOCALIZABILITY_NONLOCALIZED = YES;
				CLANG_ANALYZER_NONNULL = YES;
				CLANG_ANALYZER_NUMBER_OBJECT_CONVERSION = YES_AGGRESSIVE;
				CLANG_CXX_LANGUAGE_STANDARD = "gnu++17";
				CLANG_CXX_LIBRARY = "libc++";
				CLANG_ENABLE_MODULES = YES;
				CLANG_ENABLE_OBJC_ARC = YES;
				CLANG_ENABLE_OBJC_WEAK = YES;
				CLANG_WARN_BLOCK_CAPTURE_AUTORELEASING = YES;
				CLANG_WARN_BOOL_CONVERSION = YES;
				CLANG_WARN_COMMA = YES;
				CLANG_WARN_CONSTANT_CONVERSION = YES;
				CLANG_WARN_DEPRECATED_OBJC_IMPLEMENTATIONS = YES;
				CLANG_WARN_DIRECT_OBJC_ISA_USAGE = YES_ERROR;
				CLANG_WARN_DOCUMENTATION_COMMENTS = YES;
				CLANG_WARN_EMPTY_BODY = YES;
				CLANG_WARN_ENUM_CONVERSION = YES;
				CLANG_WARN_INFINITE_RECURSION = YES;
				CLANG_WARN_INT_CONVERSION = YES;
				CLANG_WARN_NON_LITERAL_NULL_CONVERSION = YES;
				CLANG_WARN_OBJC_IMPLICIT_RETAIN_SELF = YES;
				CLANG_WARN_OBJC_LITERAL_CONVERSION = YES;
				CLANG_WARN_OBJC_ROOT_CLASS = YES_ERROR;
				CLANG_WARN_QUOTED_INCLUDE_IN_FRAMEWORK_HEADER = YES;
				CLANG_WARN_RANGE_LOOP_ANALYSIS = YES;
				CLANG_WARN_STRICT_PROTOTYPES = YES;
				CLANG_WARN_SUSPICIOUS_MOVE = YES;
				CLANG_WARN_UNGUARDED_AVAILABILITY = YES_AGGRESSIVE;
				CLANG_WARN_UNREACHABLE_CODE = YES;
				CLANG_WARN__DUPLICATE_METHOD_MATCH = YES;
				COPY_PHASE_STRIP = NO;
				DEBUG_INFORMATION_FORMAT = "dwarf-with-dsym";
				ENABLE_NS_ASSERTIONS = NO;
				ENABLE_STRICT_OBJC_MSGSEND = YES;
				GCC_C_LANGUAGE_STANDARD = gnu11;
				GCC_NO_COMMON_BLOCKS = YES;
				GCC_WARN_64_TO_32_BIT_CONVERSION = YES;
				GCC_WARN_ABOUT_RETURN_TYPE = YES_ERROR;
				GCC_WARN_UNDECLARED_SELECTOR = YES;
				GCC_WARN_UNINITIALIZED_AUTOS = YES_AGGRESSIVE;
				GCC_WARN_UNUSED_FUNCTION = YES;
				GCC_WARN_UNUSED_VARIABLE = YES;
				IPHONEOS_DEPLOYMENT_TARGET = 13.0;
				MTL_ENABLE_DEBUG_INFO = NO;
				MTL_FAST_MATH = YES;
				SDKROOT = iphoneos;
				SWIFT_COMPILATION_MODE = wholemodule;
				SWIFT_OPTIMIZATION_LEVEL = "-O";
				VALIDATE_PRODUCT = YES;
			};
			name = Release;
		};
		4C94720127A1B1D2001F49F9 /* Debug */ = {
			isa = XCBuildConfiguration;
			baseConfigurationReference = 27E130D69D8F7E104A72F643 /* Pods-MasGas.debug.xcconfig */;
			buildSettings = {
				ASSETCATALOG_COMPILER_APPICON_NAME = AppIcon;
				ASSETCATALOG_COMPILER_GLOBAL_ACCENT_COLOR_NAME = AccentColor;
				CODE_SIGN_ENTITLEMENTS = MasGas/MasGas.entitlements;
				CODE_SIGN_STYLE = Automatic;
				CURRENT_PROJECT_VERSION = 1;
				DEVELOPMENT_TEAM = AHRSPCJ485;
				GENERATE_INFOPLIST_FILE = YES;
				INFOPLIST_FILE = MasGas/Info.plist;
				INFOPLIST_KEY_CFBundleDisplayName = "+Gas";
				INFOPLIST_KEY_UIApplicationSupportsIndirectInputEvents = YES;
				INFOPLIST_KEY_UILaunchStoryboardName = LaunchScreen;
				INFOPLIST_KEY_UIMainStoryboardFile = Main;
				INFOPLIST_KEY_UISupportedInterfaceOrientations = UIInterfaceOrientationPortrait;
				INFOPLIST_KEY_UISupportedInterfaceOrientations_iPad = "UIInterfaceOrientationPortrait UIInterfaceOrientationPortraitUpsideDown UIInterfaceOrientationLandscapeLeft UIInterfaceOrientationLandscapeRight";
				INFOPLIST_KEY_UISupportedInterfaceOrientations_iPhone = UIInterfaceOrientationPortrait;
				INFOPLIST_KEY_UIUserInterfaceStyle = Light;
				LD_RUNPATH_SEARCH_PATHS = (
					"$(inherited)",
					"@executable_path/Frameworks",
				);
				MARKETING_VERSION = 1.0;
				PRODUCT_BUNDLE_IDENTIFIER = com.maria.MasGas;
				PRODUCT_NAME = "$(TARGET_NAME)";
				SWIFT_EMIT_LOC_STRINGS = YES;
				SWIFT_VERSION = 5.0;
				TARGETED_DEVICE_FAMILY = 1;
			};
			name = Debug;
		};
		4C94720227A1B1D2001F49F9 /* Release */ = {
			isa = XCBuildConfiguration;
			baseConfigurationReference = A980AA75A3976A38950B99B4 /* Pods-MasGas.release.xcconfig */;
			buildSettings = {
				ASSETCATALOG_COMPILER_APPICON_NAME = AppIcon;
				ASSETCATALOG_COMPILER_GLOBAL_ACCENT_COLOR_NAME = AccentColor;
				CODE_SIGN_ENTITLEMENTS = MasGas/MasGas.entitlements;
				CODE_SIGN_STYLE = Automatic;
				CURRENT_PROJECT_VERSION = 1;
				DEVELOPMENT_TEAM = AHRSPCJ485;
				GENERATE_INFOPLIST_FILE = YES;
				INFOPLIST_FILE = MasGas/Info.plist;
				INFOPLIST_KEY_CFBundleDisplayName = "+Gas";
				INFOPLIST_KEY_UIApplicationSupportsIndirectInputEvents = YES;
				INFOPLIST_KEY_UILaunchStoryboardName = LaunchScreen;
				INFOPLIST_KEY_UIMainStoryboardFile = Main;
				INFOPLIST_KEY_UISupportedInterfaceOrientations = UIInterfaceOrientationPortrait;
				INFOPLIST_KEY_UISupportedInterfaceOrientations_iPad = "UIInterfaceOrientationPortrait UIInterfaceOrientationPortraitUpsideDown UIInterfaceOrientationLandscapeLeft UIInterfaceOrientationLandscapeRight";
				INFOPLIST_KEY_UISupportedInterfaceOrientations_iPhone = UIInterfaceOrientationPortrait;
				INFOPLIST_KEY_UIUserInterfaceStyle = Light;
				LD_RUNPATH_SEARCH_PATHS = (
					"$(inherited)",
					"@executable_path/Frameworks",
				);
				MARKETING_VERSION = 1.0;
				PRODUCT_BUNDLE_IDENTIFIER = com.maria.MasGas;
				PRODUCT_NAME = "$(TARGET_NAME)";
				SWIFT_EMIT_LOC_STRINGS = YES;
				SWIFT_VERSION = 5.0;
				TARGETED_DEVICE_FAMILY = 1;
			};
			name = Release;
		};
		4C94720427A1B1D2001F49F9 /* Debug */ = {
			isa = XCBuildConfiguration;
			baseConfigurationReference = C595D1FDCE044EA52C265430 /* Pods-MasGasTests.debug.xcconfig */;
			buildSettings = {
				ALWAYS_EMBED_SWIFT_STANDARD_LIBRARIES = YES;
				BUNDLE_LOADER = "$(TEST_HOST)";
				CODE_SIGN_STYLE = Automatic;
				CURRENT_PROJECT_VERSION = 1;
				DEVELOPMENT_TEAM = AHRSPCJ485;
				GENERATE_INFOPLIST_FILE = YES;
				IPHONEOS_DEPLOYMENT_TARGET = 15.2;
				MARKETING_VERSION = 1.0;
				PRODUCT_BUNDLE_IDENTIFIER = com.maria.MasGasTests;
				PRODUCT_NAME = "$(TARGET_NAME)";
				SWIFT_EMIT_LOC_STRINGS = NO;
				SWIFT_VERSION = 5.0;
				TARGETED_DEVICE_FAMILY = "1,2";
				TEST_HOST = "$(BUILT_PRODUCTS_DIR)/MasGas.app/MasGas";
			};
			name = Debug;
		};
		4C94720527A1B1D2001F49F9 /* Release */ = {
			isa = XCBuildConfiguration;
			baseConfigurationReference = 24880C38190229E20ADFA345 /* Pods-MasGasTests.release.xcconfig */;
			buildSettings = {
				ALWAYS_EMBED_SWIFT_STANDARD_LIBRARIES = YES;
				BUNDLE_LOADER = "$(TEST_HOST)";
				CODE_SIGN_STYLE = Automatic;
				CURRENT_PROJECT_VERSION = 1;
				DEVELOPMENT_TEAM = AHRSPCJ485;
				GENERATE_INFOPLIST_FILE = YES;
				IPHONEOS_DEPLOYMENT_TARGET = 15.2;
				MARKETING_VERSION = 1.0;
				PRODUCT_BUNDLE_IDENTIFIER = com.maria.MasGasTests;
				PRODUCT_NAME = "$(TARGET_NAME)";
				SWIFT_EMIT_LOC_STRINGS = NO;
				SWIFT_VERSION = 5.0;
				TARGETED_DEVICE_FAMILY = "1,2";
				TEST_HOST = "$(BUILT_PRODUCTS_DIR)/MasGas.app/MasGas";
			};
			name = Release;
		};
		4C94720727A1B1D2001F49F9 /* Debug */ = {
			isa = XCBuildConfiguration;
			baseConfigurationReference = D30BCB60A73821A5712B0A85 /* Pods-MasGas-MasGasUITests.debug.xcconfig */;
			buildSettings = {
				ALWAYS_EMBED_SWIFT_STANDARD_LIBRARIES = YES;
				CODE_SIGN_STYLE = Automatic;
				CURRENT_PROJECT_VERSION = 1;
				DEVELOPMENT_TEAM = AHRSPCJ485;
				GENERATE_INFOPLIST_FILE = YES;
				MARKETING_VERSION = 1.0;
				PRODUCT_BUNDLE_IDENTIFIER = com.maria.MasGasUITests;
				PRODUCT_NAME = "$(TARGET_NAME)";
				SWIFT_EMIT_LOC_STRINGS = NO;
				SWIFT_VERSION = 5.0;
				TARGETED_DEVICE_FAMILY = "1,2";
				TEST_TARGET_NAME = MasGas;
			};
			name = Debug;
		};
		4C94720827A1B1D2001F49F9 /* Release */ = {
			isa = XCBuildConfiguration;
			baseConfigurationReference = F7D6584D95B95C233EC32874 /* Pods-MasGas-MasGasUITests.release.xcconfig */;
			buildSettings = {
				ALWAYS_EMBED_SWIFT_STANDARD_LIBRARIES = YES;
				CODE_SIGN_STYLE = Automatic;
				CURRENT_PROJECT_VERSION = 1;
				DEVELOPMENT_TEAM = AHRSPCJ485;
				GENERATE_INFOPLIST_FILE = YES;
				MARKETING_VERSION = 1.0;
				PRODUCT_BUNDLE_IDENTIFIER = com.maria.MasGasUITests;
				PRODUCT_NAME = "$(TARGET_NAME)";
				SWIFT_EMIT_LOC_STRINGS = NO;
				SWIFT_VERSION = 5.0;
				TARGETED_DEVICE_FAMILY = "1,2";
				TEST_TARGET_NAME = MasGas;
			};
			name = Release;
		};
/* End XCBuildConfiguration section */

/* Begin XCConfigurationList section */
		4C9471D127A1B1D1001F49F9 /* Build configuration list for PBXProject "MasGas" */ = {
			isa = XCConfigurationList;
			buildConfigurations = (
				4C9471FE27A1B1D2001F49F9 /* Debug */,
				4C9471FF27A1B1D2001F49F9 /* Release */,
			);
			defaultConfigurationIsVisible = 0;
			defaultConfigurationName = Release;
		};
		4C94720027A1B1D2001F49F9 /* Build configuration list for PBXNativeTarget "MasGas" */ = {
			isa = XCConfigurationList;
			buildConfigurations = (
				4C94720127A1B1D2001F49F9 /* Debug */,
				4C94720227A1B1D2001F49F9 /* Release */,
			);
			defaultConfigurationIsVisible = 0;
			defaultConfigurationName = Release;
		};
		4C94720327A1B1D2001F49F9 /* Build configuration list for PBXNativeTarget "MasGasTests" */ = {
			isa = XCConfigurationList;
			buildConfigurations = (
				4C94720427A1B1D2001F49F9 /* Debug */,
				4C94720527A1B1D2001F49F9 /* Release */,
			);
			defaultConfigurationIsVisible = 0;
			defaultConfigurationName = Release;
		};
		4C94720627A1B1D2001F49F9 /* Build configuration list for PBXNativeTarget "MasGasUITests" */ = {
			isa = XCConfigurationList;
			buildConfigurations = (
				4C94720727A1B1D2001F49F9 /* Debug */,
				4C94720827A1B1D2001F49F9 /* Release */,
			);
			defaultConfigurationIsVisible = 0;
			defaultConfigurationName = Release;
		};
/* End XCConfigurationList section */

/* Begin XCRemoteSwiftPackageReference section */
		4CD740C227C1805B0073CD94 /* XCRemoteSwiftPackageReference "firebase-ios-sdk" */ = {
			isa = XCRemoteSwiftPackageReference;
			repositoryURL = "https://github.com/firebase/firebase-ios-sdk";
			requirement = {
				kind = upToNextMajorVersion;
				minimumVersion = 8.0.0;
			};
		};
/* End XCRemoteSwiftPackageReference section */
	};
	rootObject = 4C9471CE27A1B1D1001F49F9 /* Project object */;
}
